// !$*UTF8*$!
{
	archiveVersion = 1;
	classes = {
	};
	objectVersion = 50;
	objects = {

/* Begin PBXBuildFile section */
		319A2E3E268B96540074191B /* AppDelegate.swift in Sources */ = {isa = PBXBuildFile; fileRef = 319A2E3D268B96540074191B /* AppDelegate.swift */; };
		319A2E40268B96540074191B /* SceneDelegate.swift in Sources */ = {isa = PBXBuildFile; fileRef = 319A2E3F268B96540074191B /* SceneDelegate.swift */; };
		319A2E42268B96540074191B /* ViewController.swift in Sources */ = {isa = PBXBuildFile; fileRef = 319A2E41268B96540074191B /* ViewController.swift */; };
		319A2E45268B96540074191B /* Main.storyboard in Resources */ = {isa = PBXBuildFile; fileRef = 319A2E43268B96540074191B /* Main.storyboard */; };
		319A2E47268B965E0074191B /* Assets.xcassets in Resources */ = {isa = PBXBuildFile; fileRef = 319A2E46268B965E0074191B /* Assets.xcassets */; };
		319A2E4A268B965E0074191B /* LaunchScreen.storyboard in Resources */ = {isa = PBXBuildFile; fileRef = 319A2E48268B965E0074191B /* LaunchScreen.storyboard */; };
		319A2E55268B96610074191B /* git_hubTests.swift in Sources */ = {isa = PBXBuildFile; fileRef = 319A2E54268B96610074191B /* git_hubTests.swift */; };
		319A2E60268B96610074191B /* git_hubUITests.swift in Sources */ = {isa = PBXBuildFile; fileRef = 319A2E5F268B96610074191B /* git_hubUITests.swift */; };
/* End PBXBuildFile section */

/* Begin PBXContainerItemProxy section */
		319A2E51268B96610074191B /* PBXContainerItemProxy */ = {
			isa = PBXContainerItemProxy;
			containerPortal = 319A2E32268B96540074191B /* Project object */;
			proxyType = 1;
			remoteGlobalIDString = 319A2E39268B96540074191B;
			remoteInfo = "git hub";
		};
		319A2E5C268B96610074191B /* PBXContainerItemProxy */ = {
			isa = PBXContainerItemProxy;
			containerPortal = 319A2E32268B96540074191B /* Project object */;
			proxyType = 1;
			remoteGlobalIDString = 319A2E39268B96540074191B;
			remoteInfo = "git hub";
		};
/* End PBXContainerItemProxy section */

/* Begin PBXFileReference section */
		319A2E3A268B96540074191B /* git hub.app */ = {isa = PBXFileReference; explicitFileType = wrapper.application; includeInIndex = 0; path = "git hub.app"; sourceTree = BUILT_PRODUCTS_DIR; };
		319A2E3D268B96540074191B /* AppDelegate.swift */ = {isa = PBXFileReference; lastKnownFileType = sourcecode.swift; path = AppDelegate.swift; sourceTree = "<group>"; };
		319A2E3F268B96540074191B /* SceneDelegate.swift */ = {isa = PBXFileReference; lastKnownFileType = sourcecode.swift; path = SceneDelegate.swift; sourceTree = "<group>"; };
		319A2E41268B96540074191B /* ViewController.swift */ = {isa = PBXFileReference; lastKnownFileType = sourcecode.swift; path = ViewController.swift; sourceTree = "<group>"; };
		319A2E44268B96540074191B /* Base */ = {isa = PBXFileReference; lastKnownFileType = file.storyboard; name = Base; path = Base.lproj/Main.storyboard; sourceTree = "<group>"; };
		319A2E46268B965E0074191B /* Assets.xcassets */ = {isa = PBXFileReference; lastKnownFileType = folder.assetcatalog; path = Assets.xcassets; sourceTree = "<group>"; };
		319A2E49268B965E0074191B /* Base */ = {isa = PBXFileReference; lastKnownFileType = file.storyboard; name = Base; path = Base.lproj/LaunchScreen.storyboard; sourceTree = "<group>"; };
		319A2E4B268B965E0074191B /* Info.plist */ = {isa = PBXFileReference; lastKnownFileType = text.plist.xml; path = Info.plist; sourceTree = "<group>"; };
		319A2E50268B96610074191B /* git hubTests.xctest */ = {isa = PBXFileReference; explicitFileType = wrapper.cfbundle; includeInIndex = 0; path = "git hubTests.xctest"; sourceTree = BUILT_PRODUCTS_DIR; };
		319A2E54268B96610074191B /* git_hubTests.swift */ = {isa = PBXFileReference; lastKnownFileType = sourcecode.swift; path = git_hubTests.swift; sourceTree = "<group>"; };
		319A2E56268B96610074191B /* Info.plist */ = {isa = PBXFileReference; lastKnownFileType = text.plist.xml; path = Info.plist; sourceTree = "<group>"; };
		319A2E5B268B96610074191B /* git hubUITests.xctest */ = {isa = PBXFileReference; explicitFileType = wrapper.cfbundle; includeInIndex = 0; path = "git hubUITests.xctest"; sourceTree = BUILT_PRODUCTS_DIR; };
		319A2E5F268B96610074191B /* git_hubUITests.swift */ = {isa = PBXFileReference; lastKnownFileType = sourcecode.swift; path = git_hubUITests.swift; sourceTree = "<group>"; };
		319A2E61268B96610074191B /* Info.plist */ = {isa = PBXFileReference; lastKnownFileType = text.plist.xml; path = Info.plist; sourceTree = "<group>"; };
/* End PBXFileReference section */

/* Begin PBXFrameworksBuildPhase section */
		319A2E37268B96540074191B /* Frameworks */ = {
			isa = PBXFrameworksBuildPhase;
			buildActionMask = 2147483647;
			files = (
			);
			runOnlyForDeploymentPostprocessing = 0;
		};
		319A2E4D268B96610074191B /* Frameworks */ = {
			isa = PBXFrameworksBuildPhase;
			buildActionMask = 2147483647;
			files = (
			);
			runOnlyForDeploymentPostprocessing = 0;
		};
		319A2E58268B96610074191B /* Frameworks */ = {
			isa = PBXFrameworksBuildPhase;
			buildActionMask = 2147483647;
			files = (
			);
			runOnlyForDeploymentPostprocessing = 0;
		};
/* End PBXFrameworksBuildPhase section */

/* Begin PBXGroup section */
		319A2E31268B96540074191B = {
			isa = PBXGroup;
			children = (
				319A2E3C268B96540074191B /* git hub */,
				319A2E53268B96610074191B /* git hubTests */,
				319A2E5E268B96610074191B /* git hubUITests */,
				319A2E3B268B96540074191B /* Products */,
			);
			sourceTree = "<group>";
		};
		319A2E3B268B96540074191B /* Products */ = {
			isa = PBXGroup;
			children = (
				319A2E3A268B96540074191B /* git hub.app */,
				319A2E50268B96610074191B /* git hubTests.xctest */,
				319A2E5B268B96610074191B /* git hubUITests.xctest */,
			);
			name = Products;
			sourceTree = "<group>";
		};
		319A2E3C268B96540074191B /* git hub */ = {
			isa = PBXGroup;
			children = (
				319A2E3D268B96540074191B /* AppDelegate.swift */,
				319A2E3F268B96540074191B /* SceneDelegate.swift */,
				319A2E41268B96540074191B /* ViewController.swift */,
				319A2E43268B96540074191B /* Main.storyboard */,
				319A2E46268B965E0074191B /* Assets.xcassets */,
				319A2E48268B965E0074191B /* LaunchScreen.storyboard */,
				319A2E4B268B965E0074191B /* Info.plist */,
			);
			path = "git hub";
			sourceTree = "<group>";
		};
		319A2E53268B96610074191B /* git hubTests */ = {
			isa = PBXGroup;
			children = (
				319A2E54268B96610074191B /* git_hubTests.swift */,
				319A2E56268B96610074191B /* Info.plist */,
			);
			path = "git hubTests";
			sourceTree = "<group>";
		};
		319A2E5E268B96610074191B /* git hubUITests */ = {
			isa = PBXGroup;
			children = (
				319A2E5F268B96610074191B /* git_hubUITests.swift */,
				319A2E61268B96610074191B /* Info.plist */,
			);
			path = "git hubUITests";
			sourceTree = "<group>";
		};
/* End PBXGroup section */

/* Begin PBXNativeTarget section */
		319A2E39268B96540074191B /* git hub */ = {
			isa = PBXNativeTarget;
			buildConfigurationList = 319A2E64268B96610074191B /* Build configuration list for PBXNativeTarget "git hub" */;
			buildPhases = (
				319A2E36268B96540074191B /* Sources */,
				319A2E37268B96540074191B /* Frameworks */,
				319A2E38268B96540074191B /* Resources */,
			);
			buildRules = (
			);
			dependencies = (
			);
			name = "git hub";
			productName = "git hub";
			productReference = 319A2E3A268B96540074191B /* git hub.app */;
			productType = "com.apple.product-type.application";
		};
		319A2E4F268B96610074191B /* git hubTests */ = {
			isa = PBXNativeTarget;
			buildConfigurationList = 319A2E67268B96610074191B /* Build configuration list for PBXNativeTarget "git hubTests" */;
			buildPhases = (
				319A2E4C268B96610074191B /* Sources */,
				319A2E4D268B96610074191B /* Frameworks */,
				319A2E4E268B96610074191B /* Resources */,
			);
			buildRules = (
			);
			dependencies = (
				319A2E52268B96610074191B /* PBXTargetDependency */,
			);
			name = "git hubTests";
			productName = "git hubTests";
			productReference = 319A2E50268B96610074191B /* git hubTests.xctest */;
			productType = "com.apple.product-type.bundle.unit-test";
		};
		319A2E5A268B96610074191B /* git hubUITests */ = {
			isa = PBXNativeTarget;
			buildConfigurationList = 319A2E6A268B96610074191B /* Build configuration list for PBXNativeTarget "git hubUITests" */;
			buildPhases = (
				319A2E57268B96610074191B /* Sources */,
				319A2E58268B96610074191B /* Frameworks */,
				319A2E59268B96610074191B /* Resources */,
			);
			buildRules = (
			);
			dependencies = (
				319A2E5D268B96610074191B /* PBXTargetDependency */,
			);
			name = "git hubUITests";
			productName = "git hubUITests";
			productReference = 319A2E5B268B96610074191B /* git hubUITests.xctest */;
			productType = "com.apple.product-type.bundle.ui-testing";
		};
/* End PBXNativeTarget section */

/* Begin PBXProject section */
		319A2E32268B96540074191B /* Project object */ = {
			isa = PBXProject;
			attributes = {
				LastSwiftUpdateCheck = 1250;
				LastUpgradeCheck = 1250;
				TargetAttributes = {
					319A2E39268B96540074191B = {
						CreatedOnToolsVersion = 12.5;
					};
					319A2E4F268B96610074191B = {
						CreatedOnToolsVersion = 12.5;
						TestTargetID = 319A2E39268B96540074191B;
					};
					319A2E5A268B96610074191B = {
						CreatedOnToolsVersion = 12.5;
						TestTargetID = 319A2E39268B96540074191B;
					};
				};
			};
			buildConfigurationList = 319A2E35268B96540074191B /* Build configuration list for PBXProject "git hub" */;
			compatibilityVersion = "Xcode 9.3";
			developmentRegion = en;
			hasScannedForEncodings = 0;
			knownRegions = (
				en,
				Base,
			);
			mainGroup = 319A2E31268B96540074191B;
			productRefGroup = 319A2E3B268B96540074191B /* Products */;
			projectDirPath = "";
			projectRoot = "";
			targets = (
				319A2E39268B96540074191B /* git hub */,
				319A2E4F268B96610074191B /* git hubTests */,
				319A2E5A268B96610074191B /* git hubUITests */,
			);
		};
/* End PBXProject section */

/* Begin PBXResourcesBuildPhase section */
		319A2E38268B96540074191B /* Resources */ = {
			isa = PBXResourcesBuildPhase;
			buildActionMask = 2147483647;
			files = (
				319A2E4A268B965E0074191B /* LaunchScreen.storyboard in Resources */,
				319A2E47268B965E0074191B /* Assets.xcassets in Resources */,
				319A2E45268B96540074191B /* Main.storyboard in Resources */,
			);
			runOnlyForDeploymentPostprocessing = 0;
		};
		319A2E4E268B96610074191B /* Resources */ = {
			isa = PBXResourcesBuildPhase;
			buildActionMask = 2147483647;
			files = (
			);
			runOnlyForDeploymentPostprocessing = 0;
		};
		319A2E59268B96610074191B /* Resources */ = {
			isa = PBXResourcesBuildPhase;
			buildActionMask = 2147483647;
			files = (
			);
			runOnlyForDeploymentPostprocessing = 0;
		};
/* End PBXResourcesBuildPhase section */

/* Begin PBXSourcesBuildPhase section */
		319A2E36268B96540074191B /* Sources */ = {
			isa = PBXSourcesBuildPhase;
			buildActionMask = 2147483647;
			files = (
				319A2E42268B96540074191B /* ViewController.swift in Sources */,
				319A2E3E268B96540074191B /* AppDelegate.swift in Sources */,
				319A2E40268B96540074191B /* SceneDelegate.swift in Sources */,
			);
			runOnlyForDeploymentPostprocessing = 0;
		};
		319A2E4C268B96610074191B /* Sources */ = {
			isa = PBXSourcesBuildPhase;
			buildActionMask = 2147483647;
			files = (
				319A2E55268B96610074191B /* git_hubTests.swift in Sources */,
			);
			runOnlyForDeploymentPostprocessing = 0;
		};
		319A2E57268B96610074191B /* Sources */ = {
			isa = PBXSourcesBuildPhase;
			buildActionMask = 2147483647;
			files = (
				319A2E60268B96610074191B /* git_hubUITests.swift in Sources */,
			);
			runOnlyForDeploymentPostprocessing = 0;
		};
/* End PBXSourcesBuildPhase section */

/* Begin PBXTargetDependency section */
		319A2E52268B96610074191B /* PBXTargetDependency */ = {
			isa = PBXTargetDependency;
			target = 319A2E39268B96540074191B /* git hub */;
			targetProxy = 319A2E51268B96610074191B /* PBXContainerItemProxy */;
		};
		319A2E5D268B96610074191B /* PBXTargetDependency */ = {
			isa = PBXTargetDependency;
			target = 319A2E39268B96540074191B /* git hub */;
			targetProxy = 319A2E5C268B96610074191B /* PBXContainerItemProxy */;
		};
/* End PBXTargetDependency section */

/* Begin PBXVariantGroup section */
		319A2E43268B96540074191B /* Main.storyboard */ = {
			isa = PBXVariantGroup;
			children = (
				319A2E44268B96540074191B /* Base */,
			);
			name = Main.storyboard;
			sourceTree = "<group>";
		};
		319A2E48268B965E0074191B /* LaunchScreen.storyboard */ = {
			isa = PBXVariantGroup;
			children = (
				319A2E49268B965E0074191B /* Base */,
			);
			name = LaunchScreen.storyboard;
			sourceTree = "<group>";
		};
/* End PBXVariantGroup section */

/* Begin XCBuildConfiguration section */
		319A2E62268B96610074191B /* Debug */ = {
			isa = XCBuildConfiguration;
			buildSettings = {
				ALWAYS_SEARCH_USER_PATHS = NO;
				CLANG_ANALYZER_NONNULL = YES;
				CLANG_ANALYZER_NUMBER_OBJECT_CONVERSION = YES_AGGRESSIVE;
				CLANG_CXX_LANGUAGE_STANDARD = "gnu++14";
				CLANG_CXX_LIBRARY = "libc++";
				CLANG_ENABLE_MODULES = YES;
				CLANG_ENABLE_OBJC_ARC = YES;
				CLANG_ENABLE_OBJC_WEAK = YES;
				CLANG_WARN_BLOCK_CAPTURE_AUTORELEASING = YES;
				CLANG_WARN_BOOL_CONVERSION = YES;
				CLANG_WARN_COMMA = YES;
				CLANG_WARN_CONSTANT_CONVERSION = YES;
				CLANG_WARN_DEPRECATED_OBJC_IMPLEMENTATIONS = YES;
				CLANG_WARN_DIRECT_OBJC_ISA_USAGE = YES_ERROR;
				CLANG_WARN_DOCUMENTATION_COMMENTS = YES;
				CLANG_WARN_EMPTY_BODY = YES;
				CLANG_WARN_ENUM_CONVERSION = YES;
				CLANG_WARN_INFINITE_RECURSION = YES;
				CLANG_WARN_INT_CONVERSION = YES;
				CLANG_WARN_NON_LITERAL_NULL_CONVERSION = YES;
				CLANG_WARN_OBJC_IMPLICIT_RETAIN_SELF = YES;
				CLANG_WARN_OBJC_LITERAL_CONVERSION = YES;
				CLANG_WARN_OBJC_ROOT_CLASS = YES_ERROR;
				CLANG_WARN_QUOTED_INCLUDE_IN_FRAMEWORK_HEADER = YES;
				CLANG_WARN_RANGE_LOOP_ANALYSIS = YES;
				CLANG_WARN_STRICT_PROTOTYPES = YES;
				CLANG_WARN_SUSPICIOUS_MOVE = YES;
				CLANG_WARN_UNGUARDED_AVAILABILITY = YES_AGGRESSIVE;
				CLANG_WARN_UNREACHABLE_CODE = YES;
				CLANG_WARN__DUPLICATE_METHOD_MATCH = YES;
				COPY_PHASE_STRIP = NO;
				DEBUG_INFORMATION_FORMAT = dwarf;
				ENABLE_STRICT_OBJC_MSGSEND = YES;
				ENABLE_TESTABILITY = YES;
				GCC_C_LANGUAGE_STANDARD = gnu11;
				GCC_DYNAMIC_NO_PIC = NO;
				GCC_NO_COMMON_BLOCKS = YES;
				GCC_OPTIMIZATION_LEVEL = 0;
				GCC_PREPROCESSOR_DEFINITIONS = (
					"DEBUG=1",
					"$(inherited)",
				);
				GCC_WARN_64_TO_32_BIT_CONVERSION = YES;
				GCC_WARN_ABOUT_RETURN_TYPE = YES_ERROR;
				GCC_WARN_UNDECLARED_SELECTOR = YES;
				GCC_WARN_UNINITIALIZED_AUTOS = YES_AGGRESSIVE;
				GCC_WARN_UNUSED_FUNCTION = YES;
				GCC_WARN_UNUSED_VARIABLE = YES;
				IPHONEOS_DEPLOYMENT_TARGET = 14.5;
				MTL_ENABLE_DEBUG_INFO = INCLUDE_SOURCE;
				MTL_FAST_MATH = YES;
				ONLY_ACTIVE_ARCH = YES;
				SDKROOT = iphoneos;
				SWIFT_ACTIVE_COMPILATION_CONDITIONS = DEBUG;
				SWIFT_OPTIMIZATION_LEVEL = "-Onone";
			};
			name = Debug;
		};
		319A2E63268B96610074191B /* Release */ = {
			isa = XCBuildConfiguration;
			buildSettings = {
				ALWAYS_SEARCH_USER_PATHS = NO;
				CLANG_ANALYZER_NONNULL = YES;
				CLANG_ANALYZER_NUMBER_OBJECT_CONVERSION = YES_AGGRESSIVE;
				CLANG_CXX_LANGUAGE_STANDARD = "gnu++14";
				CLANG_CXX_LIBRARY = "libc++";
				CLANG_ENABLE_MODULES = YES;
				CLANG_ENABLE_OBJC_ARC = YES;
				CLANG_ENABLE_OBJC_WEAK = YES;
				CLANG_WARN_BLOCK_CAPTURE_AUTORELEASING = YES;
				CLANG_WARN_BOOL_CONVERSION = YES;
				CLANG_WARN_COMMA = YES;
				CLANG_WARN_CONSTANT_CONVERSION = YES;
				CLANG_WARN_DEPRECATED_OBJC_IMPLEMENTATIONS = YES;
				CLANG_WARN_DIRECT_OBJC_ISA_USAGE = YES_ERROR;
				CLANG_WARN_DOCUMENTATION_COMMENTS = YES;
				CLANG_WARN_EMPTY_BODY = YES;
				CLANG_WARN_ENUM_CONVERSION = YES;
				CLANG_WARN_INFINITE_RECURSION = YES;
				CLANG_WARN_INT_CONVERSION = YES;
				CLANG_WARN_NON_LITERAL_NULL_CONVERSION = YES;
				CLANG_WARN_OBJC_IMPLICIT_RETAIN_SELF = YES;
				CLANG_WARN_OBJC_LITERAL_CONVERSION = YES;
				CLANG_WARN_OBJC_ROOT_CLASS = YES_ERROR;
				CLANG_WARN_QUOTED_INCLUDE_IN_FRAMEWORK_HEADER = YES;
				CLANG_WARN_RANGE_LOOP_ANALYSIS = YES;
				CLANG_WARN_STRICT_PROTOTYPES = YES;
				CLANG_WARN_SUSPICIOUS_MOVE = YES;
				CLANG_WARN_UNGUARDED_AVAILABILITY = YES_AGGRESSIVE;
				CLANG_WARN_UNREACHABLE_CODE = YES;
				CLANG_WARN__DUPLICATE_METHOD_MATCH = YES;
				COPY_PHASE_STRIP = NO;
				DEBUG_INFORMATION_FORMAT = "dwarf-with-dsym";
				ENABLE_NS_ASSERTIONS = NO;
				ENABLE_STRICT_OBJC_MSGSEND = YES;
				GCC_C_LANGUAGE_STANDARD = gnu11;
				GCC_NO_COMMON_BLOCKS = YES;
				GCC_WARN_64_TO_32_BIT_CONVERSION = YES;
				GCC_WARN_ABOUT_RETURN_TYPE = YES_ERROR;
				GCC_WARN_UNDECLARED_SELECTOR = YES;
				GCC_WARN_UNINITIALIZED_AUTOS = YES_AGGRESSIVE;
				GCC_WARN_UNUSED_FUNCTION = YES;
				GCC_WARN_UNUSED_VARIABLE = YES;
				IPHONEOS_DEPLOYMENT_TARGET = 14.5;
				MTL_ENABLE_DEBUG_INFO = NO;
				MTL_FAST_MATH = YES;
				SDKROOT = iphoneos;
				SWIFT_COMPILATION_MODE = wholemodule;
				SWIFT_OPTIMIZATION_LEVEL = "-O";
				VALIDATE_PRODUCT = YES;
			};
			name = Release;
		};
		319A2E65268B96610074191B /* Debug */ = {
			isa = XCBuildConfiguration;
			buildSettings = {
				ASSETCATALOG_COMPILER_APPICON_NAME = AppIcon;
				ASSETCATALOG_COMPILER_GLOBAL_ACCENT_COLOR_NAME = AccentColor;
				CODE_SIGN_STYLE = Automatic;
				DEVELOPMENT_TEAM = RH8Z3R2GFQ;
				INFOPLIST_FILE = "git hub/Info.plist";
				LD_RUNPATH_SEARCH_PATHS = (
					"$(inherited)",
					"@executable_path/Frameworks",
				);
				PRODUCT_BUNDLE_IDENTIFIER = "Kaylin.git-hub";
				PRODUCT_NAME = "$(TARGET_NAME)";
				SWIFT_VERSION = 5.0;
				TARGETED_DEVICE_FAMILY = "1,2";
			};
			name = Debug;
		};
		319A2E66268B96610074191B /* Release */ = {
			isa = XCBuildConfiguration;
			buildSettings = {
				ASSETCATALOG_COMPILER_APPICON_NAME = AppIcon;
				ASSETCATALOG_COMPILER_GLOBAL_ACCENT_COLOR_NAME = AccentColor;
				CODE_SIGN_STYLE = Automatic;
				DEVELOPMENT_TEAM = RH8Z3R2GFQ;
				INFOPLIST_FILE = "git hub/Info.plist";
				LD_RUNPATH_SEARCH_PATHS = (
					"$(inherited)",
					"@executable_path/Frameworks",
				);
				PRODUCT_BUNDLE_IDENTIFIER = "Kaylin.git-hub";
				PRODUCT_NAME = "$(TARGET_NAME)";
				SWIFT_VERSION = 5.0;
				TARGETED_DEVICE_FAMILY = "1,2";
			};
			name = Release;
		};
		319A2E68268B96610074191B /* Debug */ = {
			isa = XCBuildConfiguration;
			buildSettings = {
				ALWAYS_EMBED_SWIFT_STANDARD_LIBRARIES = YES;
				BUNDLE_LOADER = "$(TEST_HOST)";
				CODE_SIGN_STYLE = Automatic;
				DEVELOPMENT_TEAM = RH8Z3R2GFQ;
				INFOPLIST_FILE = "git hubTests/Info.plist";
				IPHONEOS_DEPLOYMENT_TARGET = 14.5;
				LD_RUNPATH_SEARCH_PATHS = (
					"$(inherited)",
					"@executable_path/Frameworks",
					"@loader_path/Frameworks",
				);
				PRODUCT_BUNDLE_IDENTIFIER = "Kaylin.git-hubTests";
				PRODUCT_NAME = "$(TARGET_NAME)";
				SWIFT_VERSION = 5.0;
				TARGETED_DEVICE_FAMILY = "1,2";
				TEST_HOST = "$(BUILT_PRODUCTS_DIR)/git hub.app/git hub";
			};
			name = Debug;
		};
		319A2E69268B96610074191B /* Release */ = {
			isa = XCBuildConfiguration;
			buildSettings = {
				ALWAYS_EMBED_SWIFT_STANDARD_LIBRARIES = YES;
				BUNDLE_LOADER = "$(TEST_HOST)";
				CODE_SIGN_STYLE = Automatic;
				DEVELOPMENT_TEAM = RH8Z3R2GFQ;
				INFOPLIST_FILE = "git hubTests/Info.plist";
				IPHONEOS_DEPLOYMENT_TARGET = 14.5;
				LD_RUNPATH_SEARCH_PATHS = (
					"$(inherited)",
					"@executable_path/Frameworks",
					"@loader_path/Frameworks",
				);
				PRODUCT_BUNDLE_IDENTIFIER = "Kaylin.git-hubTests";
				PRODUCT_NAME = "$(TARGET_NAME)";
				SWIFT_VERSION = 5.0;
				TARGETED_DEVICE_FAMILY = "1,2";
				TEST_HOST = "$(BUILT_PRODUCTS_DIR)/git hub.app/git hub";
			};
			name = Release;
		};
		319A2E6B268B96610074191B /* Debug */ = {
			isa = XCBuildConfiguration;
			buildSettings = {
				ALWAYS_EMBED_SWIFT_STANDARD_LIBRARIES = YES;
				CODE_SIGN_STYLE = Automatic;
				DEVELOPMENT_TEAM = RH8Z3R2GFQ;
				INFOPLIST_FILE = "git hubUITests/Info.plist";
				LD_RUNPATH_SEARCH_PATHS = (
					"$(inherited)",
					"@executable_path/Frameworks",
					"@loader_path/Frameworks",
				);
				PRODUCT_BUNDLE_IDENTIFIER = "Kaylin.git-hubUITests";
				PRODUCT_NAME = "$(TARGET_NAME)";
				SWIFT_VERSION = 5.0;
				TARGETED_DEVICE_FAMILY = "1,2";
				TEST_TARGET_NAME = "git hub";
			};
			name = Debug;
		};
		319A2E6C268B96610074191B /* Release */ = {
			isa = XCBuildConfiguration;
			buildSettings = {
				ALWAYS_EMBED_SWIFT_STANDARD_LIBRARIES = YES;
				CODE_SIGN_STYLE = Automatic;
				DEVELOPMENT_TEAM = RH8Z3R2GFQ;
				INFOPLIST_FILE = "git hubUITests/Info.plist";
				LD_RUNPATH_SEARCH_PATHS = (
					"$(inherited)",
					"@executable_path/Frameworks",
					"@loader_path/Frameworks",
				);
				PRODUCT_BUNDLE_IDENTIFIER = "Kaylin.git-hubUITests";
				PRODUCT_NAME = "$(TARGET_NAME)";
				SWIFT_VERSION = 5.0;
				TARGETED_DEVICE_FAMILY = "1,2";
				TEST_TARGET_NAME = "git hub";
			};
			name = Release;
		};
/* End XCBuildConfiguration section */

/* Begin XCConfigurationList section */
		319A2E35268B96540074191B /* Build configuration list for PBXProject "git hub" */ = {
			isa = XCConfigurationList;
			buildConfigurations = (
				319A2E62268B96610074191B /* Debug */,
				319A2E63268B96610074191B /* Release */,
			);
			defaultConfigurationIsVisible = 0;
			defaultConfigurationName = Release;
		};
		319A2E64268B96610074191B /* Build configuration list for PBXNativeTarget "git hub" */ = {
			isa = XCConfigurationList;
			buildConfigurations = (
				319A2E65268B96610074191B /* Debug */,
				319A2E66268B96610074191B /* Release */,
			);
			defaultConfigurationIsVisible = 0;
			defaultConfigurationName = Release;
		};
		319A2E67268B96610074191B /* Build configuration list for PBXNativeTarget "git hubTests" */ = {
			isa = XCConfigurationList;
			buildConfigurations = (
				319A2E68268B96610074191B /* Debug */,
				319A2E69268B96610074191B /* Release */,
			);
			defaultConfigurationIsVisible = 0;
			defaultConfigurationName = Release;
		};
		319A2E6A268B96610074191B /* Build configuration list for PBXNativeTarget "git hubUITests" */ = {
			isa = XCConfigurationList;
			buildConfigurations = (
				319A2E6B268B96610074191B /* Debug */,
				319A2E6C268B96610074191B /* Release */,
			);
			defaultConfigurationIsVisible = 0;
			defaultConfigurationName = Release;
		};
/* End XCConfigurationList section */
	};
	rootObject = 319A2E32268B96540074191B /* Project object */;
}
